
Microsoft Visual Studio Solution File, Format Version 12.00
Project("{FAE04EC0-301F-11D3-BF4B-00C04F79EFBC}") = "ZaupShop", "ZaupShop.csproj", "{2B08D9C8-3E7E-4431-B3C8-FA093D1CE92B}"
EndProject
Global
	GlobalSection(SolutionConfigurationPlatforms) = preSolution
		Debug|Any CPU = Debug|Any CPU
		Release|Any CPU = Release|Any CPU
	EndGlobalSection
	GlobalSection(ProjectConfigurationPlatforms) = postSolution
		{2B08D9C8-3E7E-4431-B3C8-FA093D1CE92B}.Debug|Any CPU.ActiveCfg = Debug|Any CPU
		{2B08D9C8-3E7E-4431-B3C8-FA093D1CE92B}.Debug|Any CPU.Build.0 = Debug|Any CPU
		{2B08D9C8-3E7E-4431-B3C8-FA093D1CE92B}.Release|Any CPU.ActiveCfg = Release|Any CPU
		{2B08D9C8-3E7E-4431-B3C8-FA093D1CE92B}.Release|Any CPU.Build.0 = Release|Any CPU
	EndGlobalSection
EndGlobal
